// !$*UTF8*$!
{
	archiveVersion = 1;
	classes = {
	};
	objectVersion = 55;
	objects = {

/* Begin PBXBuildFile section */
		3E6B20CB286D83420007EEA3 /* ListUserApp.swift in Sources */ = {isa = PBXBuildFile; fileRef = 3E6B20CA286D83420007EEA3 /* ListUserApp.swift */; };
		3E6B20CD286D83420007EEA3 /* ContentView.swift in Sources */ = {isa = PBXBuildFile; fileRef = 3E6B20CC286D83420007EEA3 /* ContentView.swift */; };
		3E6B20CF286D83440007EEA3 /* Assets.xcassets in Resources */ = {isa = PBXBuildFile; fileRef = 3E6B20CE286D83440007EEA3 /* Assets.xcassets */; };
		3E6B20D2286D83440007EEA3 /* Preview Assets.xcassets in Resources */ = {isa = PBXBuildFile; fileRef = 3E6B20D1286D83440007EEA3 /* Preview Assets.xcassets */; };
		3EFFD3D0286E9B6F0097C981 /* UserModel.swift in Sources */ = {isa = PBXBuildFile; fileRef = 3EFFD3CF286E9B6F0097C981 /* UserModel.swift */; };
		3EFFD3D2286E9C3B0097C981 /* UsersViewModel.swift in Sources */ = {isa = PBXBuildFile; fileRef = 3EFFD3D1286E9C3B0097C981 /* UsersViewModel.swift */; };
		3EFFD3D7286EA6A50097C981 /* UserView.swift in Sources */ = {isa = PBXBuildFile; fileRef = 3EFFD3D6286EA6A50097C981 /* UserView.swift */; };
/* End PBXBuildFile section */

/* Begin PBXFileReference section */
		3E6B20C7286D83420007EEA3 /* ListUser.app */ = {isa = PBXFileReference; explicitFileType = wrapper.application; includeInIndex = 0; path = ListUser.app; sourceTree = BUILT_PRODUCTS_DIR; };
		3E6B20CA286D83420007EEA3 /* ListUserApp.swift */ = {isa = PBXFileReference; lastKnownFileType = sourcecode.swift; path = ListUserApp.swift; sourceTree = "<group>"; };
		3E6B20CC286D83420007EEA3 /* ContentView.swift */ = {isa = PBXFileReference; lastKnownFileType = sourcecode.swift; path = ContentView.swift; sourceTree = "<group>"; };
		3E6B20CE286D83440007EEA3 /* Assets.xcassets */ = {isa = PBXFileReference; lastKnownFileType = folder.assetcatalog; path = Assets.xcassets; sourceTree = "<group>"; };
		3E6B20D1286D83440007EEA3 /* Preview Assets.xcassets */ = {isa = PBXFileReference; lastKnownFileType = folder.assetcatalog; path = "Preview Assets.xcassets"; sourceTree = "<group>"; };
		3EFFD3CF286E9B6F0097C981 /* UserModel.swift */ = {isa = PBXFileReference; lastKnownFileType = sourcecode.swift; path = UserModel.swift; sourceTree = "<group>"; };
		3EFFD3D1286E9C3B0097C981 /* UsersViewModel.swift */ = {isa = PBXFileReference; lastKnownFileType = sourcecode.swift; path = UsersViewModel.swift; sourceTree = "<group>"; };
		3EFFD3D6286EA6A50097C981 /* UserView.swift */ = {isa = PBXFileReference; lastKnownFileType = sourcecode.swift; path = UserView.swift; sourceTree = "<group>"; };
/* End PBXFileReference section */

/* Begin PBXFrameworksBuildPhase section */
		3E6B20C4286D83420007EEA3 /* Frameworks */ = {
			isa = PBXFrameworksBuildPhase;
			buildActionMask = 2147483647;
			files = (
			);
			runOnlyForDeploymentPostprocessing = 0;
		};
/* End PBXFrameworksBuildPhase section */

/* Begin PBXGroup section */
		3E6B20BE286D83420007EEA3 = {
			isa = PBXGroup;
			children = (
				3E6B20C9286D83420007EEA3 /* ListUser */,
				3E6B20C8286D83420007EEA3 /* Products */,
			);
			sourceTree = "<group>";
		};
		3E6B20C8286D83420007EEA3 /* Products */ = {
			isa = PBXGroup;
			children = (
				3E6B20C7286D83420007EEA3 /* ListUser.app */,
			);
			name = Products;
			sourceTree = "<group>";
		};
		3E6B20C9286D83420007EEA3 /* ListUser */ = {
			isa = PBXGroup;
			children = (
				3EFFD3D5286EA40B0097C981 /* Model */,
				3EFFD3D3286EA3FA0097C981 /* ViewModel */,
				3EFFD3D4286EA4040097C981 /* View */,
				3E6B20CA286D83420007EEA3 /* ListUserApp.swift */,
				3E6B20CE286D83440007EEA3 /* Assets.xcassets */,
				3E6B20D0286D83440007EEA3 /* Preview Content */,
			);
			path = ListUser;
			sourceTree = "<group>";
		};
		3E6B20D0286D83440007EEA3 /* Preview Content */ = {
			isa = PBXGroup;
			children = (
				3E6B20D1286D83440007EEA3 /* Preview Assets.xcassets */,
			);
			path = "Preview Content";
			sourceTree = "<group>";
		};
		3EFFD3D3286EA3FA0097C981 /* ViewModel */ = {
			isa = PBXGroup;
			children = (
				3EFFD3D1286E9C3B0097C981 /* UsersViewModel.swift */,
			);
			path = ViewModel;
			sourceTree = "<group>";
		};
		3EFFD3D4286EA4040097C981 /* View */ = {
			isa = PBXGroup;
			children = (
				3E6B20CC286D83420007EEA3 /* ContentView.swift */,
				3EFFD3D6286EA6A50097C981 /* UserView.swift */,
			);
			path = View;
			sourceTree = "<group>";
		};
		3EFFD3D5286EA40B0097C981 /* Model */ = {
			isa = PBXGroup;
			children = (
				3EFFD3CF286E9B6F0097C981 /* UserModel.swift */,
			);
			path = Model;
			sourceTree = "<group>";
		};
/* End PBXGroup section */

/* Begin PBXNativeTarget section */
		3E6B20C6286D83420007EEA3 /* ListUser */ = {
			isa = PBXNativeTarget;
			buildConfigurationList = 3E6B20D5286D83440007EEA3 /* Build configuration list for PBXNativeTarget "ListUser" */;
			buildPhases = (
				3E6B20C3286D83420007EEA3 /* Sources */,
				3E6B20C4286D83420007EEA3 /* Frameworks */,
				3E6B20C5286D83420007EEA3 /* Resources */,
			);
			buildRules = (
			);
			dependencies = (
			);
			name = ListUser;
			productName = ListUser;
			productReference = 3E6B20C7286D83420007EEA3 /* ListUser.app */;
			productType = "com.apple.product-type.application";
		};
/* End PBXNativeTarget section */

/* Begin PBXProject section */
		3E6B20BF286D83420007EEA3 /* Project object */ = {
			isa = PBXProject;
			attributes = {
				BuildIndependentTargetsInParallel = 1;
				LastSwiftUpdateCheck = 1340;
				LastUpgradeCheck = 1340;
				TargetAttributes = {
					3E6B20C6286D83420007EEA3 = {
						CreatedOnToolsVersion = 13.4.1;
					};
				};
			};
			buildConfigurationList = 3E6B20C2286D83420007EEA3 /* Build configuration list for PBXProject "ListUser" */;
			compatibilityVersion = "Xcode 13.0";
			developmentRegion = en;
			hasScannedForEncodings = 0;
			knownRegions = (
				en,
				Base,
			);
			mainGroup = 3E6B20BE286D83420007EEA3;
			productRefGroup = 3E6B20C8286D83420007EEA3 /* Products */;
			projectDirPath = "";
			projectRoot = "";
			targets = (
				3E6B20C6286D83420007EEA3 /* ListUser */,
			);
		};
/* End PBXProject section */

/* Begin PBXResourcesBuildPhase section */
		3E6B20C5286D83420007EEA3 /* Resources */ = {
			isa = PBXResourcesBuildPhase;
			buildActionMask = 2147483647;
			files = (
				3E6B20D2286D83440007EEA3 /* Preview Assets.xcassets in Resources */,
				3E6B20CF286D83440007EEA3 /* Assets.xcassets in Resources */,
			);
			runOnlyForDeploymentPostprocessing = 0;
		};
/* End PBXResourcesBuildPhase section */

/* Begin PBXSourcesBuildPhase section */
		3E6B20C3286D83420007EEA3 /* Sources */ = {
			isa = PBXSourcesBuildPhase;
			buildActionMask = 2147483647;
			files = (
				3E6B20CD286D83420007EEA3 /* ContentView.swift in Sources */,
				3EFFD3D2286E9C3B0097C981 /* UsersViewModel.swift in Sources */,
				3EFFD3D7286EA6A50097C981 /* UserView.swift in Sources */,
				3EFFD3D0286E9B6F0097C981 /* UserModel.swift in Sources */,
				3E6B20CB286D83420007EEA3 /* ListUserApp.swift in Sources */,
			);
			runOnlyForDeploymentPostprocessing = 0;
		};
/* End PBXSourcesBuildPhase section */

/* Begin XCBuildConfiguration section */
		3E6B20D3286D83440007EEA3 /* Debug */ = {
			isa = XCBuildConfiguration;
			buildSettings = {
				ALWAYS_SEARCH_USER_PATHS = NO;
				CLANG_ANALYZER_NONNULL = YES;
				CLANG_ANALYZER_NUMBER_OBJECT_CONVERSION = YES_AGGRESSIVE;
				CLANG_CXX_LANGUAGE_STANDARD = "gnu++17";
				CLANG_ENABLE_MODULES = YES;
				CLANG_ENABLE_OBJC_ARC = YES;
				CLANG_ENABLE_OBJC_WEAK = YES;
				CLANG_WARN_BLOCK_CAPTURE_AUTORELEASING = YES;
				CLANG_WARN_BOOL_CONVERSION = YES;
				CLANG_WARN_COMMA = YES;
				CLANG_WARN_CONSTANT_CONVERSION = YES;
				CLANG_WARN_DEPRECATED_OBJC_IMPLEMENTATIONS = YES;
				CLANG_WARN_DIRECT_OBJC_ISA_USAGE = YES_ERROR;
				CLANG_WARN_DOCUMENTATION_COMMENTS = YES;
				CLANG_WARN_EMPTY_BODY = YES;
				CLANG_WARN_ENUM_CONVERSION = YES;
				CLANG_WARN_INFINITE_RECURSION = YES;
				CLANG_WARN_INT_CONVERSION = YES;
				CLANG_WARN_NON_LITERAL_NULL_CONVERSION = YES;
				CLANG_WARN_OBJC_IMPLICIT_RETAIN_SELF = YES;
				CLANG_WARN_OBJC_LITERAL_CONVERSION = YES;
				CLANG_WARN_OBJC_ROOT_CLASS = YES_ERROR;
				CLANG_WARN_QUOTED_INCLUDE_IN_FRAMEWORK_HEADER = YES;
				CLANG_WARN_RANGE_LOOP_ANALYSIS = YES;
				CLANG_WARN_STRICT_PROTOTYPES = YES;
				CLANG_WARN_SUSPICIOUS_MOVE = YES;
				CLANG_WARN_UNGUARDED_AVAILABILITY = YES_AGGRESSIVE;
				CLANG_WARN_UNREACHABLE_CODE = YES;
				CLANG_WARN__DUPLICATE_METHOD_MATCH = YES;
				COPY_PHASE_STRIP = NO;
				DEBUG_INFORMATION_FORMAT = dwarf;
				ENABLE_STRICT_OBJC_MSGSEND = YES;
				ENABLE_TESTABILITY = YES;
				GCC_C_LANGUAGE_STANDARD = gnu11;
				GCC_DYNAMIC_NO_PIC = NO;
				GCC_NO_COMMON_BLOCKS = YES;
				GCC_OPTIMIZATION_LEVEL = 0;
				GCC_PREPROCESSOR_DEFINITIONS = (
					"DEBUG=1",
					"$(inherited)",
				);
				GCC_WARN_64_TO_32_BIT_CONVERSION = YES;
				GCC_WARN_ABOUT_RETURN_TYPE = YES_ERROR;
				GCC_WARN_UNDECLARED_SELECTOR = YES;
				GCC_WARN_UNINITIALIZED_AUTOS = YES_AGGRESSIVE;
				GCC_WARN_UNUSED_FUNCTION = YES;
				GCC_WARN_UNUSED_VARIABLE = YES;
				IPHONEOS_DEPLOYMENT_TARGET = 15.5;
				MTL_ENABLE_DEBUG_INFO = INCLUDE_SOURCE;
				MTL_FAST_MATH = YES;
				ONLY_ACTIVE_ARCH = YES;
				SDKROOT = iphoneos;
				SWIFT_ACTIVE_COMPILATION_CONDITIONS = DEBUG;
				SWIFT_OPTIMIZATION_LEVEL = "-Onone";
			};
			name = Debug;
		};
		3E6B20D4286D83440007EEA3 /* Release */ = {
			isa = XCBuildConfiguration;
			buildSettings = {
				ALWAYS_SEARCH_USER_PATHS = NO;
				CLANG_ANALYZER_NONNULL = YES;
				CLANG_ANALYZER_NUMBER_OBJECT_CONVERSION = YES_AGGRESSIVE;
				CLANG_CXX_LANGUAGE_STANDARD = "gnu++17";
				CLANG_ENABLE_MODULES = YES;
				CLANG_ENABLE_OBJC_ARC = YES;
				CLANG_ENABLE_OBJC_WEAK = YES;
				CLANG_WARN_BLOCK_CAPTURE_AUTORELEASING = YES;
				CLANG_WARN_BOOL_CONVERSION = YES;
				CLANG_WARN_COMMA = YES;
				CLANG_WARN_CONSTANT_CONVERSION = YES;
				CLANG_WARN_DEPRECATED_OBJC_IMPLEMENTATIONS = YES;
				CLANG_WARN_DIRECT_OBJC_ISA_USAGE = YES_ERROR;
				CLANG_WARN_DOCUMENTATION_COMMENTS = YES;
				CLANG_WARN_EMPTY_BODY = YES;
				CLANG_WARN_ENUM_CONVERSION = YES;
				CLANG_WARN_INFINITE_RECURSION = YES;
				CLANG_WARN_INT_CONVERSION = YES;
				CLANG_WARN_NON_LITERAL_NULL_CONVERSION = YES;
				CLANG_WARN_OBJC_IMPLICIT_RETAIN_SELF = YES;
				CLANG_WARN_OBJC_LITERAL_CONVERSION = YES;
				CLANG_WARN_OBJC_ROOT_CLASS = YES_ERROR;
				CLANG_WARN_QUOTED_INCLUDE_IN_FRAMEWORK_HEADER = YES;
				CLANG_WARN_RANGE_LOOP_ANALYSIS = YES;
				CLANG_WARN_STRICT_PROTOTYPES = YES;
				CLANG_WARN_SUSPICIOUS_MOVE = YES;
				CLANG_WARN_UNGUARDED_AVAILABILITY = YES_AGGRESSIVE;
				CLANG_WARN_UNREACHABLE_CODE = YES;
				CLANG_WARN__DUPLICATE_METHOD_MATCH = YES;
				COPY_PHASE_STRIP = NO;
				DEBUG_INFORMATION_FORMAT = "dwarf-with-dsym";
				ENABLE_NS_ASSERTIONS = NO;
				ENABLE_STRICT_OBJC_MSGSEND = YES;
				GCC_C_LANGUAGE_STANDARD = gnu11;
				GCC_NO_COMMON_BLOCKS = YES;
				GCC_WARN_64_TO_32_BIT_CONVERSION = YES;
				GCC_WARN_ABOUT_RETURN_TYPE = YES_ERROR;
				GCC_WARN_UNDECLARED_SELECTOR = YES;
				GCC_WARN_UNINITIALIZED_AUTOS = YES_AGGRESSIVE;
				GCC_WARN_UNUSED_FUNCTION = YES;
				GCC_WARN_UNUSED_VARIABLE = YES;
				IPHONEOS_DEPLOYMENT_TARGET = 15.5;
				MTL_ENABLE_DEBUG_INFO = NO;
				MTL_FAST_MATH = YES;
				SDKROOT = iphoneos;
				SWIFT_COMPILATION_MODE = wholemodule;
				SWIFT_OPTIMIZATION_LEVEL = "-O";
				VALIDATE_PRODUCT = YES;
			};
			name = Release;
		};
		3E6B20D6286D83440007EEA3 /* Debug */ = {
			isa = XCBuildConfiguration;
			buildSettings = {
				ASSETCATALOG_COMPILER_APPICON_NAME = AppIcon;
				ASSETCATALOG_COMPILER_GLOBAL_ACCENT_COLOR_NAME = AccentColor;
				CODE_SIGN_STYLE = Automatic;
				CURRENT_PROJECT_VERSION = 1;
				DEVELOPMENT_ASSET_PATHS = "\"ListUser/Preview Content\"";
				DEVELOPMENT_TEAM = 99Q6ZGZS89;
				ENABLE_PREVIEWS = YES;
				GENERATE_INFOPLIST_FILE = YES;
				INFOPLIST_KEY_UIApplicationSceneManifest_Generation = YES;
				INFOPLIST_KEY_UIApplicationSupportsIndirectInputEvents = YES;
				INFOPLIST_KEY_UILaunchScreen_Generation = YES;
				INFOPLIST_KEY_UISupportedInterfaceOrientations_iPad = "UIInterfaceOrientationPortrait UIInterfaceOrientationPortraitUpsideDown UIInterfaceOrientationLandscapeLeft UIInterfaceOrientationLandscapeRight";
				INFOPLIST_KEY_UISupportedInterfaceOrientations_iPhone = "UIInterfaceOrientationPortrait UIInterfaceOrientationLandscapeLeft UIInterfaceOrientationLandscapeRight";
				LD_RUNPATH_SEARCH_PATHS = (
					"$(inherited)",
					"@executable_path/Frameworks",
				);
				MARKETING_VERSION = 1.0;
				PRODUCT_BUNDLE_IDENTIFIER = com.dicoding.academy.ListUser;
				PRODUCT_NAME = "$(TARGET_NAME)";
				SWIFT_EMIT_LOC_STRINGS = YES;
				SWIFT_VERSION = 5.0;
				TARGETED_DEVICE_FAMILY = "1,2";
			};
			name = Debug;
		};
		3E6B20D7286D83440007EEA3 /* Release */ = {
			isa = XCBuildConfiguration;
			buildSettings = {
				ASSETCATALOG_COMPILER_APPICON_NAME = AppIcon;
				ASSETCATALOG_COMPILER_GLOBAL_ACCENT_COLOR_NAME = AccentColor;
				CODE_SIGN_STYLE = Automatic;
				CURRENT_PROJECT_VERSION = 1;
				DEVELOPMENT_ASSET_PATHS = "\"ListUser/Preview Content\"";
				DEVELOPMENT_TEAM = 99Q6ZGZS89;
				ENABLE_PREVIEWS = YES;
				GENERATE_INFOPLIST_FILE = YES;
				INFOPLIST_KEY_UIApplicationSceneManifest_Generation = YES;
				INFOPLIST_KEY_UIApplicationSupportsIndirectInputEvents = YES;
				INFOPLIST_KEY_UILaunchScreen_Generation = YES;
				INFOPLIST_KEY_UISupportedInterfaceOrientations_iPad = "UIInterfaceOrientationPortrait UIInterfaceOrientationPortraitUpsideDown UIInterfaceOrientationLandscapeLeft UIInterfaceOrientationLandscapeRight";
				INFOPLIST_KEY_UISupportedInterfaceOrientations_iPhone = "UIInterfaceOrientationPortrait UIInterfaceOrientationLandscapeLeft UIInterfaceOrientationLandscapeRight";
				LD_RUNPATH_SEARCH_PATHS = (
					"$(inherited)",
					"@executable_path/Frameworks",
				);
				MARKETING_VERSION = 1.0;
				PRODUCT_BUNDLE_IDENTIFIER = com.dicoding.academy.ListUser;
				PRODUCT_NAME = "$(TARGET_NAME)";
				SWIFT_EMIT_LOC_STRINGS = YES;
				SWIFT_VERSION = 5.0;
				TARGETED_DEVICE_FAMILY = "1,2";
			};
			name = Release;
		};
/* End XCBuildConfiguration section */

/* Begin XCConfigurationList section */
		3E6B20C2286D83420007EEA3 /* Build configuration list for PBXProject "ListUser" */ = {
			isa = XCConfigurationList;
			buildConfigurations = (
				3E6B20D3286D83440007EEA3 /* Debug */,
				3E6B20D4286D83440007EEA3 /* Release */,
			);
			defaultConfigurationIsVisible = 0;
			defaultConfigurationName = Release;
		};
		3E6B20D5286D83440007EEA3 /* Build configuration list for PBXNativeTarget "ListUser" */ = {
			isa = XCConfigurationList;
			buildConfigurations = (
				3E6B20D6286D83440007EEA3 /* Debug */,
				3E6B20D7286D83440007EEA3 /* Release */,
			);
			defaultConfigurationIsVisible = 0;
			defaultConfigurationName = Release;
		};
/* End XCConfigurationList section */
	};
	rootObject = 3E6B20BF286D83420007EEA3 /* Project object */;
}
